{
  "name": "03consuming_published_packages",
  "version": "1.0.0",
  "lockfileVersion": 3,
  "requires": true,
  "packages": {
    "": {
      "name": "03consuming_published_packages",
      "version": "1.0.0",
      "license": "ISC",
      "dependencies": {
        "@zenaug24/zen_aug_calc_square_cube": "^1.0.0",
        "zen_aug_calc_add_mult": "^1.0.0"
      }
    },
    "node_modules/@zenaug24/zen_aug_calc_square_cube": {
      "version": "1.0.0",
      "resolved": "https://registry.npmjs.org/@zenaug24/zen_aug_calc_square_cube/-/zen_aug_calc_square_cube-1.0.0.tgz",
      "integrity": "sha512-fxCWZYkV//5fnpt4kcQ9+h4o/P89xRtHx8Slq74DsnmhPblsHwcdxsuR+5HIhDQae3/pikW+gx0W0iw+gCpLjg==",
      "license": "ISC"
    },
    "node_modules/zen_aug_calc_add_mult": {
      "version": "1.0.0",
      "resolved": "https://registry.npmjs.org/zen_aug_calc_add_mult/-/zen_aug_calc_add_mult-1.0.0.tgz",
      "integrity": "sha512-UMvMmKyIH0oLLk9iKHUXJ9zmYs0bt0fY0LpnLL5rblJkAjGvVqZoize/aVYzDg7OLVPGYVJisisFe30e4ZltBA==",
      "license": "ISC"
    }
  }
}
